
Microsoft Visual Studio Solution File, Format Version 12.00
# Visual Studio Version 16
VisualStudioVersion = 16.0.31005.135
MinimumVisualStudioVersion = 10.0.40219.1
Project("{FAE04EC0-301F-11D3-BF4B-00C04F79EFBC}") = "OOPLR4", "OOPLR4.csproj", "{0F4D363A-AFBB-4F09-A909-2ED2CD535BDB}"
EndProject
Global
	GlobalSection(SolutionConfigurationPlatforms) = preSolution
		Debug|Any CPU = Debug|Any CPU
		Release|Any CPU = Release|Any CPU
	EndGlobalSection
	GlobalSection(ProjectConfigurationPlatforms) = postSolution
		{0F4D363A-AFBB-4F09-A909-2ED2CD535BDB}.Debug|Any CPU.ActiveCfg = Debug|Any CPU
		{0F4D363A-AFBB-4F09-A909-2ED2CD535BDB}.Debug|Any CPU.Build.0 = Debug|Any CPU
		{0F4D363A-AFBB-4F09-A909-2ED2CD535BDB}.Release|Any CPU.ActiveCfg = Release|Any CPU
		{0F4D363A-AFBB-4F09-A909-2ED2CD535BDB}.Release|Any CPU.Build.0 = Release|Any CPU
	EndGlobalSection
	GlobalSection(SolutionProperties) = preSolution
		HideSolutionNode = FALSE
	EndGlobalSection
	GlobalSection(ExtensibilityGlobals) = postSolution
		SolutionGuid = {4725F6AE-34CC-43F8-85C1-7454360C0101}
	EndGlobalSection
EndGlobal
