
Microsoft Visual Studio Solution File, Format Version 12.00
# Visual Studio Version 16
VisualStudioVersion = 16.0.31112.23
MinimumVisualStudioVersion = 10.0.40219.1
Project("{FAE04EC0-301F-11D3-BF4B-00C04F79EFBC}") = "LR7.2OOP", "LR7.2OOP.csproj", "{EEB772D9-7454-495A-A4E8-8BD36469AC08}"
EndProject
Global
	GlobalSection(SolutionConfigurationPlatforms) = preSolution
		Debug|Any CPU = Debug|Any CPU
		Release|Any CPU = Release|Any CPU
	EndGlobalSection
	GlobalSection(ProjectConfigurationPlatforms) = postSolution
		{EEB772D9-7454-495A-A4E8-8BD36469AC08}.Debug|Any CPU.ActiveCfg = Debug|Any CPU
		{EEB772D9-7454-495A-A4E8-8BD36469AC08}.Debug|Any CPU.Build.0 = Debug|Any CPU
		{EEB772D9-7454-495A-A4E8-8BD36469AC08}.Release|Any CPU.ActiveCfg = Release|Any CPU
		{EEB772D9-7454-495A-A4E8-8BD36469AC08}.Release|Any CPU.Build.0 = Release|Any CPU
	EndGlobalSection
	GlobalSection(SolutionProperties) = preSolution
		HideSolutionNode = FALSE
	EndGlobalSection
	GlobalSection(ExtensibilityGlobals) = postSolution
		SolutionGuid = {A2880A12-AEA2-4053-BBF1-5FB16A6A4AEE}
	EndGlobalSection
EndGlobal
