
Microsoft Visual Studio Solution File, Format Version 12.00
# Visual Studio Version 16
VisualStudioVersion = 16.0.31112.23
MinimumVisualStudioVersion = 10.0.40219.1
Project("{FAE04EC0-301F-11D3-BF4B-00C04F79EFBC}") = "LR8OOP", "LR8OOP.csproj", "{EC9D2577-1380-4767-B563-8E85FAA70BC9}"
EndProject
Global
	GlobalSection(SolutionConfigurationPlatforms) = preSolution
		Debug|Any CPU = Debug|Any CPU
		Release|Any CPU = Release|Any CPU
	EndGlobalSection
	GlobalSection(ProjectConfigurationPlatforms) = postSolution
		{EC9D2577-1380-4767-B563-8E85FAA70BC9}.Debug|Any CPU.ActiveCfg = Debug|Any CPU
		{EC9D2577-1380-4767-B563-8E85FAA70BC9}.Debug|Any CPU.Build.0 = Debug|Any CPU
		{EC9D2577-1380-4767-B563-8E85FAA70BC9}.Release|Any CPU.ActiveCfg = Release|Any CPU
		{EC9D2577-1380-4767-B563-8E85FAA70BC9}.Release|Any CPU.Build.0 = Release|Any CPU
	EndGlobalSection
	GlobalSection(SolutionProperties) = preSolution
		HideSolutionNode = FALSE
	EndGlobalSection
	GlobalSection(ExtensibilityGlobals) = postSolution
		SolutionGuid = {F560184C-316F-444B-8705-DB78B363A28B}
	EndGlobalSection
EndGlobal
