
Microsoft Visual Studio Solution File, Format Version 12.00
# Visual Studio Version 16
VisualStudioVersion = 16.0.31005.135
MinimumVisualStudioVersion = 10.0.40219.1
Project("{FAE04EC0-301F-11D3-BF4B-00C04F79EFBC}") = "LR2.2OOP", "LR2.2OOP.csproj", "{18FCC61C-EE55-47F4-B37A-72192AF9A1AE}"
EndProject
Global
	GlobalSection(SolutionConfigurationPlatforms) = preSolution
		Debug|Any CPU = Debug|Any CPU
		Release|Any CPU = Release|Any CPU
	EndGlobalSection
	GlobalSection(ProjectConfigurationPlatforms) = postSolution
		{18FCC61C-EE55-47F4-B37A-72192AF9A1AE}.Debug|Any CPU.ActiveCfg = Debug|Any CPU
		{18FCC61C-EE55-47F4-B37A-72192AF9A1AE}.Debug|Any CPU.Build.0 = Debug|Any CPU
		{18FCC61C-EE55-47F4-B37A-72192AF9A1AE}.Release|Any CPU.ActiveCfg = Release|Any CPU
		{18FCC61C-EE55-47F4-B37A-72192AF9A1AE}.Release|Any CPU.Build.0 = Release|Any CPU
	EndGlobalSection
	GlobalSection(SolutionProperties) = preSolution
		HideSolutionNode = FALSE
	EndGlobalSection
	GlobalSection(ExtensibilityGlobals) = postSolution
		SolutionGuid = {AC0C14FD-126C-4DC8-A487-4F97F77A8F24}
	EndGlobalSection
EndGlobal
