
Microsoft Visual Studio Solution File, Format Version 12.00
# Visual Studio Version 16
VisualStudioVersion = 16.0.31005.135
MinimumVisualStudioVersion = 10.0.40219.1
Project("{FAE04EC0-301F-11D3-BF4B-00C04F79EFBC}") = "LR1.2OOP", "LR1.2OOP.csproj", "{E50042F8-2E6D-4603-8762-BC65C77B431A}"
EndProject
Global
	GlobalSection(SolutionConfigurationPlatforms) = preSolution
		Debug|Any CPU = Debug|Any CPU
		Release|Any CPU = Release|Any CPU
	EndGlobalSection
	GlobalSection(ProjectConfigurationPlatforms) = postSolution
		{E50042F8-2E6D-4603-8762-BC65C77B431A}.Debug|Any CPU.ActiveCfg = Debug|Any CPU
		{E50042F8-2E6D-4603-8762-BC65C77B431A}.Debug|Any CPU.Build.0 = Debug|Any CPU
		{E50042F8-2E6D-4603-8762-BC65C77B431A}.Release|Any CPU.ActiveCfg = Release|Any CPU
		{E50042F8-2E6D-4603-8762-BC65C77B431A}.Release|Any CPU.Build.0 = Release|Any CPU
	EndGlobalSection
	GlobalSection(SolutionProperties) = preSolution
		HideSolutionNode = FALSE
	EndGlobalSection
	GlobalSection(ExtensibilityGlobals) = postSolution
		SolutionGuid = {09949376-70B9-4468-A7FC-A041685477A4}
	EndGlobalSection
EndGlobal
