
Microsoft Visual Studio Solution File, Format Version 12.00
# Visual Studio Version 16
VisualStudioVersion = 16.0.31005.135
MinimumVisualStudioVersion = 10.0.40219.1
Project("{FAE04EC0-301F-11D3-BF4B-00C04F79EFBC}") = "LR5.2OOP", "LR5.2OOP.csproj", "{CC5FFC5C-41B9-4F5E-9583-0621A12A6A37}"
EndProject
Global
	GlobalSection(SolutionConfigurationPlatforms) = preSolution
		Debug|Any CPU = Debug|Any CPU
		Release|Any CPU = Release|Any CPU
	EndGlobalSection
	GlobalSection(ProjectConfigurationPlatforms) = postSolution
		{CC5FFC5C-41B9-4F5E-9583-0621A12A6A37}.Debug|Any CPU.ActiveCfg = Debug|Any CPU
		{CC5FFC5C-41B9-4F5E-9583-0621A12A6A37}.Debug|Any CPU.Build.0 = Debug|Any CPU
		{CC5FFC5C-41B9-4F5E-9583-0621A12A6A37}.Release|Any CPU.ActiveCfg = Release|Any CPU
		{CC5FFC5C-41B9-4F5E-9583-0621A12A6A37}.Release|Any CPU.Build.0 = Release|Any CPU
	EndGlobalSection
	GlobalSection(SolutionProperties) = preSolution
		HideSolutionNode = FALSE
	EndGlobalSection
	GlobalSection(ExtensibilityGlobals) = postSolution
		SolutionGuid = {A2A1F3FA-98A0-45EA-A047-0C0C024523C2}
	EndGlobalSection
EndGlobal
